
Microsoft Visual Studio Solution File, Format Version 12.00
# Visual Studio 2013
VisualStudioVersion = 12.0.21005.1
MinimumVisualStudioVersion = 10.0.40219.1
Project("{FAE04EC0-301F-11D3-BF4B-00C04F79EFBC}") = "Production", "Production\Production.csproj", "{2A95C12B-CBDB-4C6D-A20A-4265980D760C}"
EndProject
Project("{FAE04EC0-301F-11D3-BF4B-00C04F79EFBC}") = "ProductionTest", "ProductionTest\ProductionTest.csproj", "{1F69E414-7C95-48DA-A296-63C247B7B1E5}"
EndProject
Global
	GlobalSection(SolutionConfigurationPlatforms) = preSolution
		Debug|Any CPU = Debug|Any CPU
		Release|Any CPU = Release|Any CPU
	EndGlobalSection
	GlobalSection(ProjectConfigurationPlatforms) = postSolution
		{2A95C12B-CBDB-4C6D-A20A-4265980D760C}.Debug|Any CPU.ActiveCfg = Debug|Any CPU
		{2A95C12B-CBDB-4C6D-A20A-4265980D760C}.Debug|Any CPU.Build.0 = Debug|Any CPU
		{2A95C12B-CBDB-4C6D-A20A-4265980D760C}.Release|Any CPU.ActiveCfg = Release|Any CPU
		{2A95C12B-CBDB-4C6D-A20A-4265980D760C}.Release|Any CPU.Build.0 = Release|Any CPU
		{1F69E414-7C95-48DA-A296-63C247B7B1E5}.Debug|Any CPU.ActiveCfg = Debug|Any CPU
		{1F69E414-7C95-48DA-A296-63C247B7B1E5}.Debug|Any CPU.Build.0 = Debug|Any CPU
		{1F69E414-7C95-48DA-A296-63C247B7B1E5}.Release|Any CPU.ActiveCfg = Release|Any CPU
		{1F69E414-7C95-48DA-A296-63C247B7B1E5}.Release|Any CPU.Build.0 = Release|Any CPU
	EndGlobalSection
	GlobalSection(SolutionProperties) = preSolution
		HideSolutionNode = FALSE
	EndGlobalSection
EndGlobal
